// !$*UTF8*$!
{
	archiveVersion = 1;
	classes = {
	};
	objectVersion = 56;
	objects = {

/* Begin PBXBuildFile section */
		49D4A3F82B16A9CA00B1AF67 /* LittleLemonApp.swift in Sources */ = {isa = PBXBuildFile; fileRef = 49D4A3F72B16A9CA00B1AF67 /* LittleLemonApp.swift */; };
		49D4A3FC2B16A9CB00B1AF67 /* Assets.xcassets in Resources */ = {isa = PBXBuildFile; fileRef = 49D4A3FB2B16A9CB00B1AF67 /* Assets.xcassets */; };
		49D4A3FF2B16A9CB00B1AF67 /* Preview Assets.xcassets in Resources */ = {isa = PBXBuildFile; fileRef = 49D4A3FE2B16A9CB00B1AF67 /* Preview Assets.xcassets */; };
		49D4A4062B177AEC00B1AF67 /* Onboarding.swift in Sources */ = {isa = PBXBuildFile; fileRef = 49D4A4052B177AEC00B1AF67 /* Onboarding.swift */; };
		49D4A4082B17906F00B1AF67 /* Home.swift in Sources */ = {isa = PBXBuildFile; fileRef = 49D4A4072B17906F00B1AF67 /* Home.swift */; };
		49D4A40A2B1790BB00B1AF67 /* Menu.swift in Sources */ = {isa = PBXBuildFile; fileRef = 49D4A4092B1790BB00B1AF67 /* Menu.swift */; };
		49D4A40C2B18004500B1AF67 /* UserProfile.swift in Sources */ = {isa = PBXBuildFile; fileRef = 49D4A40B2B18004500B1AF67 /* UserProfile.swift */; };
		49D4A40E2B18B15100B1AF67 /* Persistence.swift in Sources */ = {isa = PBXBuildFile; fileRef = 49D4A40D2B18B15100B1AF67 /* Persistence.swift */; };
		49D4A4102B18B15C00B1AF67 /* FetchedObjects.swift in Sources */ = {isa = PBXBuildFile; fileRef = 49D4A40F2B18B15C00B1AF67 /* FetchedObjects.swift */; };
		49D4A4122B18B29700B1AF67 /* MenuList.swift in Sources */ = {isa = PBXBuildFile; fileRef = 49D4A4112B18B29700B1AF67 /* MenuList.swift */; };
		49D4A4142B18B2A300B1AF67 /* MenuItem.swift in Sources */ = {isa = PBXBuildFile; fileRef = 49D4A4132B18B2A300B1AF67 /* MenuItem.swift */; };
		49D4A4172B1903B600B1AF67 /* ExampleDatabase.xcdatamodeld in Sources */ = {isa = PBXBuildFile; fileRef = 49D4A4152B1903B600B1AF67 /* ExampleDatabase.xcdatamodeld */; };
		49D4A4192B19594B00B1AF67 /* DishDisplay.swift in Sources */ = {isa = PBXBuildFile; fileRef = 49D4A4182B19594B00B1AF67 /* DishDisplay.swift */; };
		49D4A41C2B1BAAD600B1AF67 /* Karla-Regular.ttf in Resources */ = {isa = PBXBuildFile; fileRef = 49D4A41A2B1BAAD500B1AF67 /* Karla-Regular.ttf */; };
		49D4A41D2B1BAAD600B1AF67 /* MarkaziText-Medium.ttf in Resources */ = {isa = PBXBuildFile; fileRef = 49D4A41B2B1BAAD600B1AF67 /* MarkaziText-Medium.ttf */; };
		49D4A4202B1D4B2000B1AF67 /* RoundedTextField.swift in Sources */ = {isa = PBXBuildFile; fileRef = 49D4A41F2B1D4B2000B1AF67 /* RoundedTextField.swift */; };
		49D4A4242B1EA3FA00B1AF67 /* OutlinedTextField.swift in Sources */ = {isa = PBXBuildFile; fileRef = 49D4A4232B1EA3FA00B1AF67 /* OutlinedTextField.swift */; };
		49D4A4262B23DFAA00B1AF67 /* Step1.swift in Sources */ = {isa = PBXBuildFile; fileRef = 49D4A4252B23DFAA00B1AF67 /* Step1.swift */; };
		49D4A4282B23DFC000B1AF67 /* Step2.swift in Sources */ = {isa = PBXBuildFile; fileRef = 49D4A4272B23DFC000B1AF67 /* Step2.swift */; };
		49D4A42A2B23DFCC00B1AF67 /* Step3.swift in Sources */ = {isa = PBXBuildFile; fileRef = 49D4A4292B23DFCC00B1AF67 /* Step3.swift */; };
		49D4A42C2B23E5F200B1AF67 /* Header.swift in Sources */ = {isa = PBXBuildFile; fileRef = 49D4A42B2B23E5F200B1AF67 /* Header.swift */; };
		49D4A42E2B24B9D100B1AF67 /* Hero.swift in Sources */ = {isa = PBXBuildFile; fileRef = 49D4A42D2B24B9D100B1AF67 /* Hero.swift */; };
		49D4A4342B26148700B1AF67 /* Search.swift in Sources */ = {isa = PBXBuildFile; fileRef = 49D4A4332B26148700B1AF67 /* Search.swift */; };
		49D4A4362B261BD700B1AF67 /* MenuCategory.swift in Sources */ = {isa = PBXBuildFile; fileRef = 49D4A4352B261BD700B1AF67 /* MenuCategory.swift */; };
/* End PBXBuildFile section */

/* Begin PBXFileReference section */
		49D4A3F42B16A9CA00B1AF67 /* LittleLemon.app */ = {isa = PBXFileReference; explicitFileType = wrapper.application; includeInIndex = 0; path = LittleLemon.app; sourceTree = BUILT_PRODUCTS_DIR; };
		49D4A3F72B16A9CA00B1AF67 /* LittleLemonApp.swift */ = {isa = PBXFileReference; lastKnownFileType = sourcecode.swift; path = LittleLemonApp.swift; sourceTree = "<group>"; };
		49D4A3FB2B16A9CB00B1AF67 /* Assets.xcassets */ = {isa = PBXFileReference; lastKnownFileType = folder.assetcatalog; path = Assets.xcassets; sourceTree = "<group>"; };
		49D4A3FE2B16A9CB00B1AF67 /* Preview Assets.xcassets */ = {isa = PBXFileReference; lastKnownFileType = folder.assetcatalog; path = "Preview Assets.xcassets"; sourceTree = "<group>"; };
		49D4A4052B177AEC00B1AF67 /* Onboarding.swift */ = {isa = PBXFileReference; lastKnownFileType = sourcecode.swift; path = Onboarding.swift; sourceTree = "<group>"; };
		49D4A4072B17906F00B1AF67 /* Home.swift */ = {isa = PBXFileReference; lastKnownFileType = sourcecode.swift; path = Home.swift; sourceTree = "<group>"; };
		49D4A4092B1790BB00B1AF67 /* Menu.swift */ = {isa = PBXFileReference; lastKnownFileType = sourcecode.swift; path = Menu.swift; sourceTree = "<group>"; };
		49D4A40B2B18004500B1AF67 /* UserProfile.swift */ = {isa = PBXFileReference; lastKnownFileType = sourcecode.swift; path = UserProfile.swift; sourceTree = "<group>"; };
		49D4A40D2B18B15100B1AF67 /* Persistence.swift */ = {isa = PBXFileReference; fileEncoding = 4; lastKnownFileType = sourcecode.swift; path = Persistence.swift; sourceTree = "<group>"; };
		49D4A40F2B18B15C00B1AF67 /* FetchedObjects.swift */ = {isa = PBXFileReference; fileEncoding = 4; lastKnownFileType = sourcecode.swift; path = FetchedObjects.swift; sourceTree = "<group>"; };
		49D4A4112B18B29700B1AF67 /* MenuList.swift */ = {isa = PBXFileReference; lastKnownFileType = sourcecode.swift; path = MenuList.swift; sourceTree = "<group>"; };
		49D4A4132B18B2A300B1AF67 /* MenuItem.swift */ = {isa = PBXFileReference; lastKnownFileType = sourcecode.swift; path = MenuItem.swift; sourceTree = "<group>"; };
		49D4A4162B1903B600B1AF67 /* ExampleDatabase.xcdatamodel */ = {isa = PBXFileReference; lastKnownFileType = wrapper.xcdatamodel; path = ExampleDatabase.xcdatamodel; sourceTree = "<group>"; };
		49D4A4182B19594B00B1AF67 /* DishDisplay.swift */ = {isa = PBXFileReference; lastKnownFileType = sourcecode.swift; path = DishDisplay.swift; sourceTree = "<group>"; };
		49D4A41A2B1BAAD500B1AF67 /* Karla-Regular.ttf */ = {isa = PBXFileReference; lastKnownFileType = file; path = "Karla-Regular.ttf"; sourceTree = "<group>"; };
		49D4A41B2B1BAAD600B1AF67 /* MarkaziText-Medium.ttf */ = {isa = PBXFileReference; lastKnownFileType = file; path = "MarkaziText-Medium.ttf"; sourceTree = "<group>"; };
		49D4A41E2B1BAB3800B1AF67 /* Info.plist */ = {isa = PBXFileReference; lastKnownFileType = text.plist; path = Info.plist; sourceTree = "<group>"; };
		49D4A41F2B1D4B2000B1AF67 /* RoundedTextField.swift */ = {isa = PBXFileReference; lastKnownFileType = sourcecode.swift; path = RoundedTextField.swift; sourceTree = "<group>"; };
		49D4A4232B1EA3FA00B1AF67 /* OutlinedTextField.swift */ = {isa = PBXFileReference; lastKnownFileType = sourcecode.swift; path = OutlinedTextField.swift; sourceTree = "<group>"; };
		49D4A4252B23DFAA00B1AF67 /* Step1.swift */ = {isa = PBXFileReference; lastKnownFileType = sourcecode.swift; path = Step1.swift; sourceTree = "<group>"; };
		49D4A4272B23DFC000B1AF67 /* Step2.swift */ = {isa = PBXFileReference; lastKnownFileType = sourcecode.swift; path = Step2.swift; sourceTree = "<group>"; };
		49D4A4292B23DFCC00B1AF67 /* Step3.swift */ = {isa = PBXFileReference; lastKnownFileType = sourcecode.swift; path = Step3.swift; sourceTree = "<group>"; };
		49D4A42B2B23E5F200B1AF67 /* Header.swift */ = {isa = PBXFileReference; lastKnownFileType = sourcecode.swift; path = Header.swift; sourceTree = "<group>"; };
		49D4A42D2B24B9D100B1AF67 /* Hero.swift */ = {isa = PBXFileReference; lastKnownFileType = sourcecode.swift; path = Hero.swift; sourceTree = "<group>"; };
		49D4A4332B26148700B1AF67 /* Search.swift */ = {isa = PBXFileReference; lastKnownFileType = sourcecode.swift; path = Search.swift; sourceTree = "<group>"; };
		49D4A4352B261BD700B1AF67 /* MenuCategory.swift */ = {isa = PBXFileReference; fileEncoding = 4; lastKnownFileType = sourcecode.swift; path = MenuCategory.swift; sourceTree = "<group>"; };
/* End PBXFileReference section */

/* Begin PBXFrameworksBuildPhase section */
		49D4A3F12B16A9CA00B1AF67 /* Frameworks */ = {
			isa = PBXFrameworksBuildPhase;
			buildActionMask = 2147483647;
			files = (
			);
			runOnlyForDeploymentPostprocessing = 0;
		};
/* End PBXFrameworksBuildPhase section */

/* Begin PBXGroup section */
		49D4A3EB2B16A9CA00B1AF67 = {
			isa = PBXGroup;
			children = (
				49D4A3F62B16A9CA00B1AF67 /* LittleLemon */,
				49D4A3F52B16A9CA00B1AF67 /* Products */,
			);
			sourceTree = "<group>";
		};
		49D4A3F52B16A9CA00B1AF67 /* Products */ = {
			isa = PBXGroup;
			children = (
				49D4A3F42B16A9CA00B1AF67 /* LittleLemon.app */,
			);
			name = Products;
			sourceTree = "<group>";
		};
		49D4A3F62B16A9CA00B1AF67 /* LittleLemon */ = {
			isa = PBXGroup;
			children = (
				49D4A41E2B1BAB3800B1AF67 /* Info.plist */,
				49D4A40B2B18004500B1AF67 /* UserProfile.swift */,
				49D4A40D2B18B15100B1AF67 /* Persistence.swift */,
				49D4A40F2B18B15C00B1AF67 /* FetchedObjects.swift */,
				49D4A3F72B16A9CA00B1AF67 /* LittleLemonApp.swift */,
				49D4A4352B261BD700B1AF67 /* MenuCategory.swift */,
				49D4A4182B19594B00B1AF67 /* DishDisplay.swift */,
				49D4A4112B18B29700B1AF67 /* MenuList.swift */,
				49D4A4132B18B2A300B1AF67 /* MenuItem.swift */,
				49D4A4052B177AEC00B1AF67 /* Onboarding.swift */,
				49D4A42B2B23E5F200B1AF67 /* Header.swift */,
				49D4A42D2B24B9D100B1AF67 /* Hero.swift */,
				49D4A4252B23DFAA00B1AF67 /* Step1.swift */,
				49D4A4272B23DFC000B1AF67 /* Step2.swift */,
				49D4A4292B23DFCC00B1AF67 /* Step3.swift */,
				49D4A4072B17906F00B1AF67 /* Home.swift */,
				49D4A4092B1790BB00B1AF67 /* Menu.swift */,
				49D4A4332B26148700B1AF67 /* Search.swift */,
				49D4A41F2B1D4B2000B1AF67 /* RoundedTextField.swift */,
				49D4A4232B1EA3FA00B1AF67 /* OutlinedTextField.swift */,
				49D4A41A2B1BAAD500B1AF67 /* Karla-Regular.ttf */,
				49D4A41B2B1BAAD600B1AF67 /* MarkaziText-Medium.ttf */,
				49D4A4152B1903B600B1AF67 /* ExampleDatabase.xcdatamodeld */,
				49D4A3FB2B16A9CB00B1AF67 /* Assets.xcassets */,
				49D4A3FD2B16A9CB00B1AF67 /* Preview Content */,
			);
			path = LittleLemon;
			sourceTree = "<group>";
		};
		49D4A3FD2B16A9CB00B1AF67 /* Preview Content */ = {
			isa = PBXGroup;
			children = (
				49D4A3FE2B16A9CB00B1AF67 /* Preview Assets.xcassets */,
			);
			path = "Preview Content";
			sourceTree = "<group>";
		};
/* End PBXGroup section */

/* Begin PBXNativeTarget section */
		49D4A3F32B16A9CA00B1AF67 /* LittleLemon */ = {
			isa = PBXNativeTarget;
			buildConfigurationList = 49D4A4022B16A9CB00B1AF67 /* Build configuration list for PBXNativeTarget "LittleLemon" */;
			buildPhases = (
				49D4A3F02B16A9CA00B1AF67 /* Sources */,
				49D4A3F12B16A9CA00B1AF67 /* Frameworks */,
				49D4A3F22B16A9CA00B1AF67 /* Resources */,
			);
			buildRules = (
			);
			dependencies = (
			);
			name = LittleLemon;
			productName = LittleLemon;
			productReference = 49D4A3F42B16A9CA00B1AF67 /* LittleLemon.app */;
			productType = "com.apple.product-type.application";
		};
/* End PBXNativeTarget section */

/* Begin PBXProject section */
		49D4A3EC2B16A9CA00B1AF67 /* Project object */ = {
			isa = PBXProject;
			attributes = {
				BuildIndependentTargetsInParallel = 1;
				LastSwiftUpdateCheck = 1500;
				LastUpgradeCheck = 1500;
				TargetAttributes = {
					49D4A3F32B16A9CA00B1AF67 = {
						CreatedOnToolsVersion = 15.0.1;
					};
				};
			};
			buildConfigurationList = 49D4A3EF2B16A9CA00B1AF67 /* Build configuration list for PBXProject "LittleLemon" */;
			compatibilityVersion = "Xcode 14.0";
			developmentRegion = en;
			hasScannedForEncodings = 0;
			knownRegions = (
				en,
				Base,
			);
			mainGroup = 49D4A3EB2B16A9CA00B1AF67;
			productRefGroup = 49D4A3F52B16A9CA00B1AF67 /* Products */;
			projectDirPath = "";
			projectRoot = "";
			targets = (
				49D4A3F32B16A9CA00B1AF67 /* LittleLemon */,
			);
		};
/* End PBXProject section */

/* Begin PBXResourcesBuildPhase section */
		49D4A3F22B16A9CA00B1AF67 /* Resources */ = {
			isa = PBXResourcesBuildPhase;
			buildActionMask = 2147483647;
			files = (
				49D4A41D2B1BAAD600B1AF67 /* MarkaziText-Medium.ttf in Resources */,
				49D4A3FF2B16A9CB00B1AF67 /* Preview Assets.xcassets in Resources */,
				49D4A3FC2B16A9CB00B1AF67 /* Assets.xcassets in Resources */,
				49D4A41C2B1BAAD600B1AF67 /* Karla-Regular.ttf in Resources */,
			);
			runOnlyForDeploymentPostprocessing = 0;
		};
/* End PBXResourcesBuildPhase section */

/* Begin PBXSourcesBuildPhase section */
		49D4A3F02B16A9CA00B1AF67 /* Sources */ = {
			isa = PBXSourcesBuildPhase;
			buildActionMask = 2147483647;
			files = (
				49D4A4062B177AEC00B1AF67 /* Onboarding.swift in Sources */,
				49D4A4192B19594B00B1AF67 /* DishDisplay.swift in Sources */,
				49D4A4262B23DFAA00B1AF67 /* Step1.swift in Sources */,
				49D4A42A2B23DFCC00B1AF67 /* Step3.swift in Sources */,
				49D4A4362B261BD700B1AF67 /* MenuCategory.swift in Sources */,
				49D4A4082B17906F00B1AF67 /* Home.swift in Sources */,
				49D4A4282B23DFC000B1AF67 /* Step2.swift in Sources */,
				49D4A42E2B24B9D100B1AF67 /* Hero.swift in Sources */,
				49D4A4122B18B29700B1AF67 /* MenuList.swift in Sources */,
				49D4A40C2B18004500B1AF67 /* UserProfile.swift in Sources */,
				49D4A40E2B18B15100B1AF67 /* Persistence.swift in Sources */,
				49D4A4172B1903B600B1AF67 /* ExampleDatabase.xcdatamodeld in Sources */,
				49D4A42C2B23E5F200B1AF67 /* Header.swift in Sources */,
				49D4A4342B26148700B1AF67 /* Search.swift in Sources */,
				49D4A4202B1D4B2000B1AF67 /* RoundedTextField.swift in Sources */,
				49D4A40A2B1790BB00B1AF67 /* Menu.swift in Sources */,
				49D4A4142B18B2A300B1AF67 /* MenuItem.swift in Sources */,
				49D4A4102B18B15C00B1AF67 /* FetchedObjects.swift in Sources */,
				49D4A4242B1EA3FA00B1AF67 /* OutlinedTextField.swift in Sources */,
				49D4A3F82B16A9CA00B1AF67 /* LittleLemonApp.swift in Sources */,
			);
			runOnlyForDeploymentPostprocessing = 0;
		};
/* End PBXSourcesBuildPhase section */

/* Begin XCBuildConfiguration section */
		49D4A4002B16A9CB00B1AF67 /* Debug */ = {
			isa = XCBuildConfiguration;
			buildSettings = {
				ALWAYS_SEARCH_USER_PATHS = NO;
				ASSETCATALOG_COMPILER_GENERATE_SWIFT_ASSET_SYMBOL_EXTENSIONS = YES;
				CLANG_ANALYZER_NONNULL = YES;
				CLANG_ANALYZER_NUMBER_OBJECT_CONVERSION = YES_AGGRESSIVE;
				CLANG_CXX_LANGUAGE_STANDARD = "gnu++20";
				CLANG_ENABLE_MODULES = YES;
				CLANG_ENABLE_OBJC_ARC = YES;
				CLANG_ENABLE_OBJC_WEAK = YES;
				CLANG_WARN_BLOCK_CAPTURE_AUTORELEASING = YES;
				CLANG_WARN_BOOL_CONVERSION = YES;
				CLANG_WARN_COMMA = YES;
				CLANG_WARN_CONSTANT_CONVERSION = YES;
				CLANG_WARN_DEPRECATED_OBJC_IMPLEMENTATIONS = YES;
				CLANG_WARN_DIRECT_OBJC_ISA_USAGE = YES_ERROR;
				CLANG_WARN_DOCUMENTATION_COMMENTS = YES;
				CLANG_WARN_EMPTY_BODY = YES;
				CLANG_WARN_ENUM_CONVERSION = YES;
				CLANG_WARN_INFINITE_RECURSION = YES;
				CLANG_WARN_INT_CONVERSION = YES;
				CLANG_WARN_NON_LITERAL_NULL_CONVERSION = YES;
				CLANG_WARN_OBJC_IMPLICIT_RETAIN_SELF = YES;
				CLANG_WARN_OBJC_LITERAL_CONVERSION = YES;
				CLANG_WARN_OBJC_ROOT_CLASS = YES_ERROR;
				CLANG_WARN_QUOTED_INCLUDE_IN_FRAMEWORK_HEADER = YES;
				CLANG_WARN_RANGE_LOOP_ANALYSIS = YES;
				CLANG_WARN_STRICT_PROTOTYPES = YES;
				CLANG_WARN_SUSPICIOUS_MOVE = YES;
				CLANG_WARN_UNGUARDED_AVAILABILITY = YES_AGGRESSIVE;
				CLANG_WARN_UNREACHABLE_CODE = YES;
				CLANG_WARN__DUPLICATE_METHOD_MATCH = YES;
				COPY_PHASE_STRIP = NO;
				DEBUG_INFORMATION_FORMAT = dwarf;
				ENABLE_STRICT_OBJC_MSGSEND = YES;
				ENABLE_TESTABILITY = YES;
				ENABLE_USER_SCRIPT_SANDBOXING = YES;
				GCC_C_LANGUAGE_STANDARD = gnu17;
				GCC_DYNAMIC_NO_PIC = NO;
				GCC_NO_COMMON_BLOCKS = YES;
				GCC_OPTIMIZATION_LEVEL = 0;
				GCC_PREPROCESSOR_DEFINITIONS = (
					"DEBUG=1",
					"$(inherited)",
				);
				GCC_WARN_64_TO_32_BIT_CONVERSION = YES;
				GCC_WARN_ABOUT_RETURN_TYPE = YES_ERROR;
				GCC_WARN_UNDECLARED_SELECTOR = YES;
				GCC_WARN_UNINITIALIZED_AUTOS = YES_AGGRESSIVE;
				GCC_WARN_UNUSED_FUNCTION = YES;
				GCC_WARN_UNUSED_VARIABLE = YES;
				IPHONEOS_DEPLOYMENT_TARGET = 17.0;
				LOCALIZATION_PREFERS_STRING_CATALOGS = YES;
				MTL_ENABLE_DEBUG_INFO = INCLUDE_SOURCE;
				MTL_FAST_MATH = YES;
				ONLY_ACTIVE_ARCH = YES;
				SDKROOT = iphoneos;
				SWIFT_ACTIVE_COMPILATION_CONDITIONS = "DEBUG $(inherited)";
				SWIFT_OPTIMIZATION_LEVEL = "-Onone";
			};
			name = Debug;
		};
		49D4A4012B16A9CB00B1AF67 /* Release */ = {
			isa = XCBuildConfiguration;
			buildSettings = {
				ALWAYS_SEARCH_USER_PATHS = NO;
				ASSETCATALOG_COMPILER_GENERATE_SWIFT_ASSET_SYMBOL_EXTENSIONS = YES;
				CLANG_ANALYZER_NONNULL = YES;
				CLANG_ANALYZER_NUMBER_OBJECT_CONVERSION = YES_AGGRESSIVE;
				CLANG_CXX_LANGUAGE_STANDARD = "gnu++20";
				CLANG_ENABLE_MODULES = YES;
				CLANG_ENABLE_OBJC_ARC = YES;
				CLANG_ENABLE_OBJC_WEAK = YES;
				CLANG_WARN_BLOCK_CAPTURE_AUTORELEASING = YES;
				CLANG_WARN_BOOL_CONVERSION = YES;
				CLANG_WARN_COMMA = YES;
				CLANG_WARN_CONSTANT_CONVERSION = YES;
				CLANG_WARN_DEPRECATED_OBJC_IMPLEMENTATIONS = YES;
				CLANG_WARN_DIRECT_OBJC_ISA_USAGE = YES_ERROR;
				CLANG_WARN_DOCUMENTATION_COMMENTS = YES;
				CLANG_WARN_EMPTY_BODY = YES;
				CLANG_WARN_ENUM_CONVERSION = YES;
				CLANG_WARN_INFINITE_RECURSION = YES;
				CLANG_WARN_INT_CONVERSION = YES;
				CLANG_WARN_NON_LITERAL_NULL_CONVERSION = YES;
				CLANG_WARN_OBJC_IMPLICIT_RETAIN_SELF = YES;
				CLANG_WARN_OBJC_LITERAL_CONVERSION = YES;
				CLANG_WARN_OBJC_ROOT_CLASS = YES_ERROR;
				CLANG_WARN_QUOTED_INCLUDE_IN_FRAMEWORK_HEADER = YES;
				CLANG_WARN_RANGE_LOOP_ANALYSIS = YES;
				CLANG_WARN_STRICT_PROTOTYPES = YES;
				CLANG_WARN_SUSPICIOUS_MOVE = YES;
				CLANG_WARN_UNGUARDED_AVAILABILITY = YES_AGGRESSIVE;
				CLANG_WARN_UNREACHABLE_CODE = YES;
				CLANG_WARN__DUPLICATE_METHOD_MATCH = YES;
				COPY_PHASE_STRIP = NO;
				DEBUG_INFORMATION_FORMAT = "dwarf-with-dsym";
				ENABLE_NS_ASSERTIONS = NO;
				ENABLE_STRICT_OBJC_MSGSEND = YES;
				ENABLE_USER_SCRIPT_SANDBOXING = YES;
				GCC_C_LANGUAGE_STANDARD = gnu17;
				GCC_NO_COMMON_BLOCKS = YES;
				GCC_WARN_64_TO_32_BIT_CONVERSION = YES;
				GCC_WARN_ABOUT_RETURN_TYPE = YES_ERROR;
				GCC_WARN_UNDECLARED_SELECTOR = YES;
				GCC_WARN_UNINITIALIZED_AUTOS = YES_AGGRESSIVE;
				GCC_WARN_UNUSED_FUNCTION = YES;
				GCC_WARN_UNUSED_VARIABLE = YES;
				IPHONEOS_DEPLOYMENT_TARGET = 17.0;
				LOCALIZATION_PREFERS_STRING_CATALOGS = YES;
				MTL_ENABLE_DEBUG_INFO = NO;
				MTL_FAST_MATH = YES;
				SDKROOT = iphoneos;
				SWIFT_COMPILATION_MODE = wholemodule;
				VALIDATE_PRODUCT = YES;
			};
			name = Release;
		};
		49D4A4032B16A9CB00B1AF67 /* Debug */ = {
			isa = XCBuildConfiguration;
			buildSettings = {
				ASSETCATALOG_COMPILER_APPICON_NAME = AppIcon;
				ASSETCATALOG_COMPILER_GLOBAL_ACCENT_COLOR_NAME = AccentColor;
				CODE_SIGN_STYLE = Automatic;
				CURRENT_PROJECT_VERSION = 1;
				DEVELOPMENT_ASSET_PATHS = "\"LittleLemon/Preview Content\"";
				DEVELOPMENT_TEAM = 2LV8S75826;
				ENABLE_PREVIEWS = YES;
				GENERATE_INFOPLIST_FILE = YES;
				INFOPLIST_FILE = LittleLemon/Info.plist;
				INFOPLIST_KEY_UIApplicationSceneManifest_Generation = YES;
				INFOPLIST_KEY_UIApplicationSupportsIndirectInputEvents = YES;
				INFOPLIST_KEY_UILaunchScreen_Generation = YES;
				INFOPLIST_KEY_UISupportedInterfaceOrientations_iPad = "UIInterfaceOrientationPortrait UIInterfaceOrientationPortraitUpsideDown UIInterfaceOrientationLandscapeLeft UIInterfaceOrientationLandscapeRight";
				INFOPLIST_KEY_UISupportedInterfaceOrientations_iPhone = "UIInterfaceOrientationPortrait UIInterfaceOrientationLandscapeLeft UIInterfaceOrientationLandscapeRight";
				LD_RUNPATH_SEARCH_PATHS = (
					"$(inherited)",
					"@executable_path/Frameworks",
				);
				MARKETING_VERSION = 1.0;
				PRODUCT_BUNDLE_IDENTIFIER = com.andrewwebster.LittleLemon;
				PRODUCT_NAME = "$(TARGET_NAME)";
				SWIFT_EMIT_LOC_STRINGS = YES;
				SWIFT_VERSION = 5.0;
				TARGETED_DEVICE_FAMILY = "1,2";
			};
			name = Debug;
		};
		49D4A4042B16A9CB00B1AF67 /* Release */ = {
			isa = XCBuildConfiguration;
			buildSettings = {
				ASSETCATALOG_COMPILER_APPICON_NAME = AppIcon;
				ASSETCATALOG_COMPILER_GLOBAL_ACCENT_COLOR_NAME = AccentColor;
				CODE_SIGN_STYLE = Automatic;
				CURRENT_PROJECT_VERSION = 1;
				DEVELOPMENT_ASSET_PATHS = "\"LittleLemon/Preview Content\"";
				DEVELOPMENT_TEAM = 2LV8S75826;
				ENABLE_PREVIEWS = YES;
				GENERATE_INFOPLIST_FILE = YES;
				INFOPLIST_FILE = LittleLemon/Info.plist;
				INFOPLIST_KEY_UIApplicationSceneManifest_Generation = YES;
				INFOPLIST_KEY_UIApplicationSupportsIndirectInputEvents = YES;
				INFOPLIST_KEY_UILaunchScreen_Generation = YES;
				INFOPLIST_KEY_UISupportedInterfaceOrientations_iPad = "UIInterfaceOrientationPortrait UIInterfaceOrientationPortraitUpsideDown UIInterfaceOrientationLandscapeLeft UIInterfaceOrientationLandscapeRight";
				INFOPLIST_KEY_UISupportedInterfaceOrientations_iPhone = "UIInterfaceOrientationPortrait UIInterfaceOrientationLandscapeLeft UIInterfaceOrientationLandscapeRight";
				LD_RUNPATH_SEARCH_PATHS = (
					"$(inherited)",
					"@executable_path/Frameworks",
				);
				MARKETING_VERSION = 1.0;
				PRODUCT_BUNDLE_IDENTIFIER = com.andrewwebster.LittleLemon;
				PRODUCT_NAME = "$(TARGET_NAME)";
				SWIFT_EMIT_LOC_STRINGS = YES;
				SWIFT_VERSION = 5.0;
				TARGETED_DEVICE_FAMILY = "1,2";
			};
			name = Release;
		};
/* End XCBuildConfiguration section */

/* Begin XCConfigurationList section */
		49D4A3EF2B16A9CA00B1AF67 /* Build configuration list for PBXProject "LittleLemon" */ = {
			isa = XCConfigurationList;
			buildConfigurations = (
				49D4A4002B16A9CB00B1AF67 /* Debug */,
				49D4A4012B16A9CB00B1AF67 /* Release */,
			);
			defaultConfigurationIsVisible = 0;
			defaultConfigurationName = Release;
		};
		49D4A4022B16A9CB00B1AF67 /* Build configuration list for PBXNativeTarget "LittleLemon" */ = {
			isa = XCConfigurationList;
			buildConfigurations = (
				49D4A4032B16A9CB00B1AF67 /* Debug */,
				49D4A4042B16A9CB00B1AF67 /* Release */,
			);
			defaultConfigurationIsVisible = 0;
			defaultConfigurationName = Release;
		};
/* End XCConfigurationList section */

/* Begin XCVersionGroup section */
		49D4A4152B1903B600B1AF67 /* ExampleDatabase.xcdatamodeld */ = {
			isa = XCVersionGroup;
			children = (
				49D4A4162B1903B600B1AF67 /* ExampleDatabase.xcdatamodel */,
			);
			currentVersion = 49D4A4162B1903B600B1AF67 /* ExampleDatabase.xcdatamodel */;
			path = ExampleDatabase.xcdatamodeld;
			sourceTree = "<group>";
			versionGroupType = wrapper.xcdatamodel;
		};
/* End XCVersionGroup section */
	};
	rootObject = 49D4A3EC2B16A9CA00B1AF67 /* Project object */;
}
